
Microsoft Visual Studio Solution File, Format Version 12.00
# Visual Studio Version 16
VisualStudioVersion = 16.0.30907.101
MinimumVisualStudioVersion = 10.0.40219.1
Project("{FAE04EC0-301F-11D3-BF4B-00C04F79EFBC}") = "unit-testing-using-mstest", "unit-testing-using-mstest\unit-testing-using-mstest.csproj", "{5A7B7C40-4A30-4FDD-8368-A8BD0E99B143}"
EndProject
Project("{FAE04EC0-301F-11D3-BF4B-00C04F79EFBC}") = "unit-testing-using-mstest.Tests", "unit-testing-using-mstest.Tests\unit-testing-using-mstest.Tests.csproj", "{826DAB79-4B0F-49F7-8436-37A5714EA812}"
EndProject
Global
	GlobalSection(SolutionConfigurationPlatforms) = preSolution
		Debug|Any CPU = Debug|Any CPU
		Release|Any CPU = Release|Any CPU
	EndGlobalSection
	GlobalSection(ProjectConfigurationPlatforms) = postSolution
		{5A7B7C40-4A30-4FDD-8368-A8BD0E99B143}.Debug|Any CPU.ActiveCfg = Debug|Any CPU
		{5A7B7C40-4A30-4FDD-8368-A8BD0E99B143}.Debug|Any CPU.Build.0 = Debug|Any CPU
		{5A7B7C40-4A30-4FDD-8368-A8BD0E99B143}.Release|Any CPU.ActiveCfg = Release|Any CPU
		{5A7B7C40-4A30-4FDD-8368-A8BD0E99B143}.Release|Any CPU.Build.0 = Release|Any CPU
		{826DAB79-4B0F-49F7-8436-37A5714EA812}.Debug|Any CPU.ActiveCfg = Debug|Any CPU
		{826DAB79-4B0F-49F7-8436-37A5714EA812}.Debug|Any CPU.Build.0 = Debug|Any CPU
		{826DAB79-4B0F-49F7-8436-37A5714EA812}.Release|Any CPU.ActiveCfg = Release|Any CPU
		{826DAB79-4B0F-49F7-8436-37A5714EA812}.Release|Any CPU.Build.0 = Release|Any CPU
	EndGlobalSection
	GlobalSection(SolutionProperties) = preSolution
		HideSolutionNode = FALSE
	EndGlobalSection
	GlobalSection(ExtensibilityGlobals) = postSolution
		SolutionGuid = {09C20A57-4D4C-449D-A288-59466DE150E9}
	EndGlobalSection
EndGlobal
